
Microsoft Visual Studio Solution File, Format Version 12.00
# Visual Studio Version 16
VisualStudioVersion = 16.0.30503.244
MinimumVisualStudioVersion = 10.0.40219.1
Project("{FAE04EC0-301F-11D3-BF4B-00C04F79EFBC}") = "ConsoleApplication1", "module1\ConsoleApplication1\ConsoleApplication1.csproj", "{1E504CFC-D927-493F-81D4-1C62888C58B1}"
EndProject
Project("{FAE04EC0-301F-11D3-BF4B-00C04F79EFBC}") = "Oppgave1a", "module1\Oppgave1a\Oppgave1a.csproj", "{087B8F0A-6DBE-4AD1-AE60-2B1CC9A45F24}"
EndProject
Project("{FAE04EC0-301F-11D3-BF4B-00C04F79EFBC}") = "oppgave1b", "module1\oppgave1b\oppgave1b.csproj", "{999D66FB-EABF-419B-8771-49047B01F414}"
EndProject
Project("{FAE04EC0-301F-11D3-BF4B-00C04F79EFBC}") = "Oppgave1c", "module1\Oppgave1c\Oppgave1c.csproj", "{283C6AAB-0DBA-4A24-AAFE-ADDE34AF528F}"
EndProject
Project("{FAE04EC0-301F-11D3-BF4B-00C04F79EFBC}") = "Oppgave1d", "module1\Oppgave1d\Oppgave1d.csproj", "{3C9DAA08-CC89-4C79-B4D3-5C75340BF436}"
EndProject
Project("{FAE04EC0-301F-11D3-BF4B-00C04F79EFBC}") = "Oppgave3-1", "module1\Oppgave3-1\Oppgave3-1.csproj", "{33C2FA00-7332-4C22-9EE2-5743C7F0C3BD}"
EndProject
Project("{FAE04EC0-301F-11D3-BF4B-00C04F79EFBC}") = "Oppgave3-2", "module1\Oppgave3-2\Oppgave3-2.csproj", "{5E5CC4F6-0EE7-4D4E-84A9-791C1F220E8A}"
EndProject
Project("{FAE04EC0-301F-11D3-BF4B-00C04F79EFBC}") = "Oppgave4", "module1\Oppgave4\Oppgave4.csproj", "{96F1D0D3-D2AA-4FDA-B177-DDB8021F8ABE}"
EndProject
Project("{FAE04EC0-301F-11D3-BF4B-00C04F79EFBC}") = "Oppgave5-Debug", "module1\Oppgave5-Debug\Oppgave5-Debug.csproj", "{3013EA05-2C93-4A8E-854D-909380B86978}"
EndProject
Project("{FAE04EC0-301F-11D3-BF4B-00C04F79EFBC}") = "Oppgave5-Generics", "module1\Oppgave5-Generics\Oppgave5-Generics.csproj", "{E2161229-E60E-4880-B11B-515F2228F8B1}"
EndProject
Project("{FAE04EC0-301F-11D3-BF4B-00C04F79EFBC}") = "Oppgave7-1", "module1\Oppgave7-1\Oppgave7-1.csproj", "{0536333D-BB94-4AAF-8FA7-D085E4667B02}"
EndProject
Project("{FAE04EC0-301F-11D3-BF4B-00C04F79EFBC}") = "Oppgave7-2", "module1\Oppgave7-2\Oppgave7-2.csproj", "{4E26DE3D-C664-47F5-B75F-5A8D4D4816C2}"
EndProject
Project("{2150E333-8FDC-42A3-9474-1A3956D46DE8}") = "Module1", "Module1", "{B031D504-CC66-4161-A658-DB005D7EF716}"
EndProject
Project("{2150E333-8FDC-42A3-9474-1A3956D46DE8}") = "Module2", "Module2", "{13D83BDD-E291-4470-B8E5-FCAEF4588282}"
EndProject
Project("{9A19103F-16F7-4668-BE54-9A1E7A4F7556}") = "Assignment1", "module2\Assignment1\Assignment1.csproj", "{37997D86-E1FF-41AA-9DF7-48075CD12C2A}"
EndProject
Project("{9A19103F-16F7-4668-BE54-9A1E7A4F7556}") = "ProductControllerTest", "module2\ProductControllerTest\ProductControllerTest.csproj", "{5C23926F-887A-44CB-B7FF-E8E5ED7FD573}"
EndProject
Project("{2150E333-8FDC-42A3-9474-1A3956D46DE8}") = "Module4", "Module4", "{AC40D004-6626-49C0-A490-CCC4F3D44D3D}"
EndProject
Project("{FAE04EC0-301F-11D3-BF4B-00C04F79EFBC}") = "Assignment2Blog", "module4\Assignment2Blog\Assignment2Blog.csproj", "{E054EFD1-7785-4E63-A2B2-AE857FD19D8F}"
EndProject
Project("{FAE04EC0-301F-11D3-BF4B-00C04F79EFBC}") = "BlogTest", "module4\BlogTest\BlogTest.csproj", "{31B7C815-8DB1-4AC7-BFE0-439545922345}"
EndProject
Project("{FAE04EC0-301F-11D3-BF4B-00C04F79EFBC}") = "ProjectREST", "ProjectREST\ProjectREST\ProjectREST.csproj", "{8A795DD6-821B-4CAF-8B3A-B38F56A00F4E}"
EndProject
Project("{2150E333-8FDC-42A3-9474-1A3956D46DE8}") = "ProjectRest", "ProjectRest", "{01C3E9C5-AF02-4E77-8D49-5FEC46C8DF19}"
EndProject
Project("{FAE04EC0-301F-11D3-BF4B-00C04F79EFBC}") = "ProjectTEST", "ProjectREST\ProjectTEST\ProjectTEST.csproj", "{9A77B572-7CF8-455B-98D5-539985D0CA3C}"
EndProject
Project("{2150E333-8FDC-42A3-9474-1A3956D46DE8}") = "uDev", "uDev", "{86256081-158F-4C37-BCD5-F36FBB5EEC6F}"
EndProject
Project("{FAE04EC0-301F-11D3-BF4B-00C04F79EFBC}") = "uDev", "uDev\uDev\uDev.csproj", "{205CA634-463C-4BBA-B861-A5315C2AA55F}"
EndProject
Project("{FAE04EC0-301F-11D3-BF4B-00C04F79EFBC}") = "uDevTestProject", "uDev\uDevTestProject\uDevTestProject.csproj", "{375E0AFB-5E07-4C22-9A52-CDCBAC7432E5}"
EndProject
Global
	GlobalSection(SolutionConfigurationPlatforms) = preSolution
		Debug|Any CPU = Debug|Any CPU
		Release|Any CPU = Release|Any CPU
	EndGlobalSection
	GlobalSection(ProjectConfigurationPlatforms) = postSolution
		{1E504CFC-D927-493F-81D4-1C62888C58B1}.Debug|Any CPU.ActiveCfg = Debug|Any CPU
		{1E504CFC-D927-493F-81D4-1C62888C58B1}.Debug|Any CPU.Build.0 = Debug|Any CPU
		{1E504CFC-D927-493F-81D4-1C62888C58B1}.Release|Any CPU.ActiveCfg = Release|Any CPU
		{1E504CFC-D927-493F-81D4-1C62888C58B1}.Release|Any CPU.Build.0 = Release|Any CPU
		{087B8F0A-6DBE-4AD1-AE60-2B1CC9A45F24}.Debug|Any CPU.ActiveCfg = Debug|Any CPU
		{087B8F0A-6DBE-4AD1-AE60-2B1CC9A45F24}.Debug|Any CPU.Build.0 = Debug|Any CPU
		{087B8F0A-6DBE-4AD1-AE60-2B1CC9A45F24}.Release|Any CPU.ActiveCfg = Release|Any CPU
		{087B8F0A-6DBE-4AD1-AE60-2B1CC9A45F24}.Release|Any CPU.Build.0 = Release|Any CPU
		{999D66FB-EABF-419B-8771-49047B01F414}.Debug|Any CPU.ActiveCfg = Debug|Any CPU
		{999D66FB-EABF-419B-8771-49047B01F414}.Debug|Any CPU.Build.0 = Debug|Any CPU
		{999D66FB-EABF-419B-8771-49047B01F414}.Release|Any CPU.ActiveCfg = Release|Any CPU
		{999D66FB-EABF-419B-8771-49047B01F414}.Release|Any CPU.Build.0 = Release|Any CPU
		{283C6AAB-0DBA-4A24-AAFE-ADDE34AF528F}.Debug|Any CPU.ActiveCfg = Debug|Any CPU
		{283C6AAB-0DBA-4A24-AAFE-ADDE34AF528F}.Debug|Any CPU.Build.0 = Debug|Any CPU
		{283C6AAB-0DBA-4A24-AAFE-ADDE34AF528F}.Release|Any CPU.ActiveCfg = Release|Any CPU
		{283C6AAB-0DBA-4A24-AAFE-ADDE34AF528F}.Release|Any CPU.Build.0 = Release|Any CPU
		{3C9DAA08-CC89-4C79-B4D3-5C75340BF436}.Debug|Any CPU.ActiveCfg = Debug|Any CPU
		{3C9DAA08-CC89-4C79-B4D3-5C75340BF436}.Debug|Any CPU.Build.0 = Debug|Any CPU
		{3C9DAA08-CC89-4C79-B4D3-5C75340BF436}.Release|Any CPU.ActiveCfg = Release|Any CPU
		{3C9DAA08-CC89-4C79-B4D3-5C75340BF436}.Release|Any CPU.Build.0 = Release|Any CPU
		{33C2FA00-7332-4C22-9EE2-5743C7F0C3BD}.Debug|Any CPU.ActiveCfg = Debug|Any CPU
		{33C2FA00-7332-4C22-9EE2-5743C7F0C3BD}.Debug|Any CPU.Build.0 = Debug|Any CPU
		{33C2FA00-7332-4C22-9EE2-5743C7F0C3BD}.Release|Any CPU.ActiveCfg = Release|Any CPU
		{33C2FA00-7332-4C22-9EE2-5743C7F0C3BD}.Release|Any CPU.Build.0 = Release|Any CPU
		{5E5CC4F6-0EE7-4D4E-84A9-791C1F220E8A}.Debug|Any CPU.ActiveCfg = Debug|Any CPU
		{5E5CC4F6-0EE7-4D4E-84A9-791C1F220E8A}.Debug|Any CPU.Build.0 = Debug|Any CPU
		{5E5CC4F6-0EE7-4D4E-84A9-791C1F220E8A}.Release|Any CPU.ActiveCfg = Release|Any CPU
		{5E5CC4F6-0EE7-4D4E-84A9-791C1F220E8A}.Release|Any CPU.Build.0 = Release|Any CPU
		{96F1D0D3-D2AA-4FDA-B177-DDB8021F8ABE}.Debug|Any CPU.ActiveCfg = Debug|Any CPU
		{96F1D0D3-D2AA-4FDA-B177-DDB8021F8ABE}.Debug|Any CPU.Build.0 = Debug|Any CPU
		{96F1D0D3-D2AA-4FDA-B177-DDB8021F8ABE}.Release|Any CPU.ActiveCfg = Release|Any CPU
		{96F1D0D3-D2AA-4FDA-B177-DDB8021F8ABE}.Release|Any CPU.Build.0 = Release|Any CPU
		{3013EA05-2C93-4A8E-854D-909380B86978}.Debug|Any CPU.ActiveCfg = Debug|Any CPU
		{3013EA05-2C93-4A8E-854D-909380B86978}.Debug|Any CPU.Build.0 = Debug|Any CPU
		{3013EA05-2C93-4A8E-854D-909380B86978}.Release|Any CPU.ActiveCfg = Release|Any CPU
		{3013EA05-2C93-4A8E-854D-909380B86978}.Release|Any CPU.Build.0 = Release|Any CPU
		{E2161229-E60E-4880-B11B-515F2228F8B1}.Debug|Any CPU.ActiveCfg = Debug|Any CPU
		{E2161229-E60E-4880-B11B-515F2228F8B1}.Debug|Any CPU.Build.0 = Debug|Any CPU
		{E2161229-E60E-4880-B11B-515F2228F8B1}.Release|Any CPU.ActiveCfg = Release|Any CPU
		{E2161229-E60E-4880-B11B-515F2228F8B1}.Release|Any CPU.Build.0 = Release|Any CPU
		{0536333D-BB94-4AAF-8FA7-D085E4667B02}.Debug|Any CPU.ActiveCfg = Debug|Any CPU
		{0536333D-BB94-4AAF-8FA7-D085E4667B02}.Debug|Any CPU.Build.0 = Debug|Any CPU
		{0536333D-BB94-4AAF-8FA7-D085E4667B02}.Release|Any CPU.ActiveCfg = Release|Any CPU
		{0536333D-BB94-4AAF-8FA7-D085E4667B02}.Release|Any CPU.Build.0 = Release|Any CPU
		{4E26DE3D-C664-47F5-B75F-5A8D4D4816C2}.Debug|Any CPU.ActiveCfg = Debug|Any CPU
		{4E26DE3D-C664-47F5-B75F-5A8D4D4816C2}.Debug|Any CPU.Build.0 = Debug|Any CPU
		{4E26DE3D-C664-47F5-B75F-5A8D4D4816C2}.Release|Any CPU.ActiveCfg = Release|Any CPU
		{4E26DE3D-C664-47F5-B75F-5A8D4D4816C2}.Release|Any CPU.Build.0 = Release|Any CPU
		{37997D86-E1FF-41AA-9DF7-48075CD12C2A}.Debug|Any CPU.ActiveCfg = Debug|Any CPU
		{37997D86-E1FF-41AA-9DF7-48075CD12C2A}.Debug|Any CPU.Build.0 = Debug|Any CPU
		{37997D86-E1FF-41AA-9DF7-48075CD12C2A}.Release|Any CPU.ActiveCfg = Release|Any CPU
		{37997D86-E1FF-41AA-9DF7-48075CD12C2A}.Release|Any CPU.Build.0 = Release|Any CPU
		{5C23926F-887A-44CB-B7FF-E8E5ED7FD573}.Debug|Any CPU.ActiveCfg = Debug|Any CPU
		{5C23926F-887A-44CB-B7FF-E8E5ED7FD573}.Debug|Any CPU.Build.0 = Debug|Any CPU
		{5C23926F-887A-44CB-B7FF-E8E5ED7FD573}.Release|Any CPU.ActiveCfg = Release|Any CPU
		{5C23926F-887A-44CB-B7FF-E8E5ED7FD573}.Release|Any CPU.Build.0 = Release|Any CPU
		{E054EFD1-7785-4E63-A2B2-AE857FD19D8F}.Debug|Any CPU.ActiveCfg = Debug|Any CPU
		{E054EFD1-7785-4E63-A2B2-AE857FD19D8F}.Debug|Any CPU.Build.0 = Debug|Any CPU
		{E054EFD1-7785-4E63-A2B2-AE857FD19D8F}.Release|Any CPU.ActiveCfg = Release|Any CPU
		{E054EFD1-7785-4E63-A2B2-AE857FD19D8F}.Release|Any CPU.Build.0 = Release|Any CPU
		{31B7C815-8DB1-4AC7-BFE0-439545922345}.Debug|Any CPU.ActiveCfg = Debug|Any CPU
		{31B7C815-8DB1-4AC7-BFE0-439545922345}.Debug|Any CPU.Build.0 = Debug|Any CPU
		{31B7C815-8DB1-4AC7-BFE0-439545922345}.Release|Any CPU.ActiveCfg = Release|Any CPU
		{31B7C815-8DB1-4AC7-BFE0-439545922345}.Release|Any CPU.Build.0 = Release|Any CPU
		{8A795DD6-821B-4CAF-8B3A-B38F56A00F4E}.Debug|Any CPU.ActiveCfg = Debug|Any CPU
		{8A795DD6-821B-4CAF-8B3A-B38F56A00F4E}.Debug|Any CPU.Build.0 = Debug|Any CPU
		{8A795DD6-821B-4CAF-8B3A-B38F56A00F4E}.Release|Any CPU.ActiveCfg = Release|Any CPU
		{8A795DD6-821B-4CAF-8B3A-B38F56A00F4E}.Release|Any CPU.Build.0 = Release|Any CPU
		{9A77B572-7CF8-455B-98D5-539985D0CA3C}.Debug|Any CPU.ActiveCfg = Debug|Any CPU
		{9A77B572-7CF8-455B-98D5-539985D0CA3C}.Debug|Any CPU.Build.0 = Debug|Any CPU
		{9A77B572-7CF8-455B-98D5-539985D0CA3C}.Release|Any CPU.ActiveCfg = Release|Any CPU
		{9A77B572-7CF8-455B-98D5-539985D0CA3C}.Release|Any CPU.Build.0 = Release|Any CPU
		{205CA634-463C-4BBA-B861-A5315C2AA55F}.Debug|Any CPU.ActiveCfg = Debug|Any CPU
		{205CA634-463C-4BBA-B861-A5315C2AA55F}.Debug|Any CPU.Build.0 = Debug|Any CPU
		{205CA634-463C-4BBA-B861-A5315C2AA55F}.Release|Any CPU.ActiveCfg = Release|Any CPU
		{205CA634-463C-4BBA-B861-A5315C2AA55F}.Release|Any CPU.Build.0 = Release|Any CPU
		{375E0AFB-5E07-4C22-9A52-CDCBAC7432E5}.Debug|Any CPU.ActiveCfg = Debug|Any CPU
		{375E0AFB-5E07-4C22-9A52-CDCBAC7432E5}.Debug|Any CPU.Build.0 = Debug|Any CPU
		{375E0AFB-5E07-4C22-9A52-CDCBAC7432E5}.Release|Any CPU.ActiveCfg = Release|Any CPU
		{375E0AFB-5E07-4C22-9A52-CDCBAC7432E5}.Release|Any CPU.Build.0 = Release|Any CPU
	EndGlobalSection
	GlobalSection(SolutionProperties) = preSolution
		HideSolutionNode = FALSE
	EndGlobalSection
	GlobalSection(NestedProjects) = preSolution
		{1E504CFC-D927-493F-81D4-1C62888C58B1} = {B031D504-CC66-4161-A658-DB005D7EF716}
		{087B8F0A-6DBE-4AD1-AE60-2B1CC9A45F24} = {B031D504-CC66-4161-A658-DB005D7EF716}
		{999D66FB-EABF-419B-8771-49047B01F414} = {B031D504-CC66-4161-A658-DB005D7EF716}
		{283C6AAB-0DBA-4A24-AAFE-ADDE34AF528F} = {B031D504-CC66-4161-A658-DB005D7EF716}
		{3C9DAA08-CC89-4C79-B4D3-5C75340BF436} = {B031D504-CC66-4161-A658-DB005D7EF716}
		{33C2FA00-7332-4C22-9EE2-5743C7F0C3BD} = {B031D504-CC66-4161-A658-DB005D7EF716}
		{5E5CC4F6-0EE7-4D4E-84A9-791C1F220E8A} = {B031D504-CC66-4161-A658-DB005D7EF716}
		{96F1D0D3-D2AA-4FDA-B177-DDB8021F8ABE} = {B031D504-CC66-4161-A658-DB005D7EF716}
		{3013EA05-2C93-4A8E-854D-909380B86978} = {B031D504-CC66-4161-A658-DB005D7EF716}
		{E2161229-E60E-4880-B11B-515F2228F8B1} = {B031D504-CC66-4161-A658-DB005D7EF716}
		{0536333D-BB94-4AAF-8FA7-D085E4667B02} = {B031D504-CC66-4161-A658-DB005D7EF716}
		{4E26DE3D-C664-47F5-B75F-5A8D4D4816C2} = {B031D504-CC66-4161-A658-DB005D7EF716}
		{37997D86-E1FF-41AA-9DF7-48075CD12C2A} = {13D83BDD-E291-4470-B8E5-FCAEF4588282}
		{5C23926F-887A-44CB-B7FF-E8E5ED7FD573} = {13D83BDD-E291-4470-B8E5-FCAEF4588282}
		{E054EFD1-7785-4E63-A2B2-AE857FD19D8F} = {AC40D004-6626-49C0-A490-CCC4F3D44D3D}
		{31B7C815-8DB1-4AC7-BFE0-439545922345} = {AC40D004-6626-49C0-A490-CCC4F3D44D3D}
		{8A795DD6-821B-4CAF-8B3A-B38F56A00F4E} = {01C3E9C5-AF02-4E77-8D49-5FEC46C8DF19}
		{9A77B572-7CF8-455B-98D5-539985D0CA3C} = {01C3E9C5-AF02-4E77-8D49-5FEC46C8DF19}
		{205CA634-463C-4BBA-B861-A5315C2AA55F} = {86256081-158F-4C37-BCD5-F36FBB5EEC6F}
		{375E0AFB-5E07-4C22-9A52-CDCBAC7432E5} = {86256081-158F-4C37-BCD5-F36FBB5EEC6F}
	EndGlobalSection
	GlobalSection(ExtensibilityGlobals) = postSolution
		SolutionGuid = {7FDA26E4-C90E-413A-BE0C-FD2E3C86665B}
	EndGlobalSection
EndGlobal
